
Microsoft Visual Studio Solution File, Format Version 12.00
# Visual Studio 15
VisualStudioVersion = 15.0.27130.2027
MinimumVisualStudioVersion = 10.0.40219.1
Project("{FAE04EC0-301F-11D3-BF4B-00C04F79EFBC}") = "WebsiteReceitasPT", "WebsiteReceitasPT\WebsiteReceitasPT.csproj", "{546EEE88-F56A-4A52-A6EF-441C64ACF772}"
EndProject
Project("{FAE04EC0-301F-11D3-BF4B-00C04F79EFBC}") = "ReceitasPTManageApp", "..\..\BackOffice\ReceitasPT_BO\ISUDapp\ReceitasPTManageApp.csproj", "{0C04E95A-84D9-48FD-92CA-12057890580F}"
EndProject
Project("{FAE04EC0-301F-11D3-BF4B-00C04F79EFBC}") = "DAL", "..\..\BackOffice\ReceitasPT_BO\DAL\DAL.csproj", "{C3E8A8C4-3F05-48AA-B2A5-4A3FC1232A13}"
EndProject
Global
	GlobalSection(SolutionConfigurationPlatforms) = preSolution
		Debug|Any CPU = Debug|Any CPU
		Release|Any CPU = Release|Any CPU
	EndGlobalSection
	GlobalSection(ProjectConfigurationPlatforms) = postSolution
		{546EEE88-F56A-4A52-A6EF-441C64ACF772}.Debug|Any CPU.ActiveCfg = Debug|Any CPU
		{546EEE88-F56A-4A52-A6EF-441C64ACF772}.Debug|Any CPU.Build.0 = Debug|Any CPU
		{546EEE88-F56A-4A52-A6EF-441C64ACF772}.Release|Any CPU.ActiveCfg = Release|Any CPU
		{546EEE88-F56A-4A52-A6EF-441C64ACF772}.Release|Any CPU.Build.0 = Release|Any CPU
		{0C04E95A-84D9-48FD-92CA-12057890580F}.Debug|Any CPU.ActiveCfg = Debug|Any CPU
		{0C04E95A-84D9-48FD-92CA-12057890580F}.Debug|Any CPU.Build.0 = Debug|Any CPU
		{0C04E95A-84D9-48FD-92CA-12057890580F}.Release|Any CPU.ActiveCfg = Release|Any CPU
		{0C04E95A-84D9-48FD-92CA-12057890580F}.Release|Any CPU.Build.0 = Release|Any CPU
		{C3E8A8C4-3F05-48AA-B2A5-4A3FC1232A13}.Debug|Any CPU.ActiveCfg = Debug|Any CPU
		{C3E8A8C4-3F05-48AA-B2A5-4A3FC1232A13}.Debug|Any CPU.Build.0 = Debug|Any CPU
		{C3E8A8C4-3F05-48AA-B2A5-4A3FC1232A13}.Release|Any CPU.ActiveCfg = Release|Any CPU
		{C3E8A8C4-3F05-48AA-B2A5-4A3FC1232A13}.Release|Any CPU.Build.0 = Release|Any CPU
	EndGlobalSection
	GlobalSection(SolutionProperties) = preSolution
		HideSolutionNode = FALSE
	EndGlobalSection
	GlobalSection(ExtensibilityGlobals) = postSolution
		SolutionGuid = {10D0C801-198D-424A-B08B-5145E9417E17}
	EndGlobalSection
EndGlobal
